
Microsoft Visual Studio Solution File, Format Version 12.00
# Visual Studio Version 16
VisualStudioVersion = 16.0.28315.86
MinimumVisualStudioVersion = 10.0.40219.1
Project("{2150E333-8FDC-42A3-9474-1A3956D46DE8}") = "Engine", "Engine", "{275CB68B-9EB3-4A1C-8551-F2842DDB6DBC}"
EndProject
Project("{2150E333-8FDC-42A3-9474-1A3956D46DE8}") = "Games", "Games", "{3E25C8C6-A4A1-41EB-880F-6563148B245E}"
EndProject
Project("{8BC9CEB8-8B4A-11D0-8D11-00A0C91BC942}") = "UE4", "Intermediate\ProjectFiles\UE4.vcxproj", "{2F233066-67BB-40F8-AB74-E4D89AB5A85B}"
EndProject
Project("{8BC9CEB8-8B4A-11D0-8D11-00A0C91BC942}") = "days", "Intermediate\ProjectFiles\days.vcxproj", "{83753D52-3A56-402D-9737-45DE2D61D7F1}"
EndProject
Project("{2150E333-8FDC-42A3-9474-1A3956D46DE8}") = "Visualizers", "Visualizers", "{B6D46039-764C-4D8F-9C12-FCF5B8B03214}"
	ProjectSection(SolutionItems) = preProject
		C:\UE_4.24\Engine\Extras\VisualStudioDebugging\UE4.natvis = C:\UE_4.24\Engine\Extras\VisualStudioDebugging\UE4.natvis
	EndProjectSection
EndProject
Global
	GlobalSection(SolutionConfigurationPlatforms) = preSolution
		DebugGame Editor|Win32 = DebugGame Editor|Win32
		DebugGame Editor|Win64 = DebugGame Editor|Win64
		DebugGame|Win32 = DebugGame|Win32
		DebugGame|Win64 = DebugGame|Win64
		Development Editor|Win32 = Development Editor|Win32
		Development Editor|Win64 = Development Editor|Win64
		Development|Win32 = Development|Win32
		Development|Win64 = Development|Win64
		Shipping|Win32 = Shipping|Win32
		Shipping|Win64 = Shipping|Win64
	EndGlobalSection
	GlobalSection(ProjectConfigurationPlatforms) = postSolution
		{2F233066-67BB-40F8-AB74-E4D89AB5A85B}.DebugGame Editor|Win32.ActiveCfg = BuiltWithUnrealBuildTool|Win32
		{2F233066-67BB-40F8-AB74-E4D89AB5A85B}.DebugGame Editor|Win64.ActiveCfg = BuiltWithUnrealBuildTool|Win32
		{2F233066-67BB-40F8-AB74-E4D89AB5A85B}.DebugGame|Win32.ActiveCfg = BuiltWithUnrealBuildTool|Win32
		{2F233066-67BB-40F8-AB74-E4D89AB5A85B}.DebugGame|Win64.ActiveCfg = BuiltWithUnrealBuildTool|Win32
		{2F233066-67BB-40F8-AB74-E4D89AB5A85B}.Development Editor|Win32.ActiveCfg = BuiltWithUnrealBuildTool|Win32
		{2F233066-67BB-40F8-AB74-E4D89AB5A85B}.Development Editor|Win64.ActiveCfg = BuiltWithUnrealBuildTool|Win32
		{2F233066-67BB-40F8-AB74-E4D89AB5A85B}.Development|Win32.ActiveCfg = BuiltWithUnrealBuildTool|Win32
		{2F233066-67BB-40F8-AB74-E4D89AB5A85B}.Development|Win64.ActiveCfg = BuiltWithUnrealBuildTool|Win32
		{2F233066-67BB-40F8-AB74-E4D89AB5A85B}.Shipping|Win32.ActiveCfg = BuiltWithUnrealBuildTool|Win32
		{2F233066-67BB-40F8-AB74-E4D89AB5A85B}.Shipping|Win64.ActiveCfg = BuiltWithUnrealBuildTool|Win32
		{83753D52-3A56-402D-9737-45DE2D61D7F1}.DebugGame Editor|Win32.ActiveCfg = Invalid|Win32
		{83753D52-3A56-402D-9737-45DE2D61D7F1}.DebugGame Editor|Win64.ActiveCfg = DebugGame_Editor|x64
		{83753D52-3A56-402D-9737-45DE2D61D7F1}.DebugGame Editor|Win64.Build.0 = DebugGame_Editor|x64
		{83753D52-3A56-402D-9737-45DE2D61D7F1}.DebugGame|Win32.ActiveCfg = DebugGame|Win32
		{83753D52-3A56-402D-9737-45DE2D61D7F1}.DebugGame|Win32.Build.0 = DebugGame|Win32
		{83753D52-3A56-402D-9737-45DE2D61D7F1}.DebugGame|Win64.ActiveCfg = DebugGame|x64
		{83753D52-3A56-402D-9737-45DE2D61D7F1}.DebugGame|Win64.Build.0 = DebugGame|x64
		{83753D52-3A56-402D-9737-45DE2D61D7F1}.Development Editor|Win32.ActiveCfg = Invalid|Win32
		{83753D52-3A56-402D-9737-45DE2D61D7F1}.Development Editor|Win64.ActiveCfg = Development_Editor|x64
		{83753D52-3A56-402D-9737-45DE2D61D7F1}.Development Editor|Win64.Build.0 = Development_Editor|x64
		{83753D52-3A56-402D-9737-45DE2D61D7F1}.Development|Win32.ActiveCfg = Development|Win32
		{83753D52-3A56-402D-9737-45DE2D61D7F1}.Development|Win32.Build.0 = Development|Win32
		{83753D52-3A56-402D-9737-45DE2D61D7F1}.Development|Win64.ActiveCfg = Development|x64
		{83753D52-3A56-402D-9737-45DE2D61D7F1}.Development|Win64.Build.0 = Development|x64
		{83753D52-3A56-402D-9737-45DE2D61D7F1}.Shipping|Win32.ActiveCfg = Shipping|Win32
		{83753D52-3A56-402D-9737-45DE2D61D7F1}.Shipping|Win32.Build.0 = Shipping|Win32
		{83753D52-3A56-402D-9737-45DE2D61D7F1}.Shipping|Win64.ActiveCfg = Shipping|x64
		{83753D52-3A56-402D-9737-45DE2D61D7F1}.Shipping|Win64.Build.0 = Shipping|x64
	EndGlobalSection
	GlobalSection(SolutionProperties) = preSolution
		HideSolutionNode = FALSE
	EndGlobalSection
	GlobalSection(NestedProjects) = preSolution
		{2F233066-67BB-40F8-AB74-E4D89AB5A85B} = {275CB68B-9EB3-4A1C-8551-F2842DDB6DBC}
		{83753D52-3A56-402D-9737-45DE2D61D7F1} = {3E25C8C6-A4A1-41EB-880F-6563148B245E}
	EndGlobalSection
EndGlobal
